// !$*UTF8*$!
{
	archiveVersion = 1;
	classes = {
	};
	objectVersion = 50;
	objects = {

/* Begin PBXBuildFile section */
		D4880E9D24A35F55004716C6 /* AppDelegate.swift in Sources */ = {isa = PBXBuildFile; fileRef = D4880E9C24A35F55004716C6 /* AppDelegate.swift */; };
		D4880E9F24A35F55004716C6 /* SceneDelegate.swift in Sources */ = {isa = PBXBuildFile; fileRef = D4880E9E24A35F55004716C6 /* SceneDelegate.swift */; };
		D4880EA124A35F55004716C6 /* MainViewController.swift in Sources */ = {isa = PBXBuildFile; fileRef = D4880EA024A35F55004716C6 /* MainViewController.swift */; };
		D4880EA424A35F55004716C6 /* Main.storyboard in Resources */ = {isa = PBXBuildFile; fileRef = D4880EA224A35F55004716C6 /* Main.storyboard */; };
		D4880EA624A35F56004716C6 /* Assets.xcassets in Resources */ = {isa = PBXBuildFile; fileRef = D4880EA524A35F56004716C6 /* Assets.xcassets */; };
		D4880EA924A35F56004716C6 /* LaunchScreen.storyboard in Resources */ = {isa = PBXBuildFile; fileRef = D4880EA724A35F56004716C6 /* LaunchScreen.storyboard */; };
		D4880EB124A369DB004716C6 /* ModelDictionaryApi.swift in Sources */ = {isa = PBXBuildFile; fileRef = D4880EB024A369DB004716C6 /* ModelDictionaryApi.swift */; };
		D4880EB324A36A3B004716C6 /* NetworkingManager.swift in Sources */ = {isa = PBXBuildFile; fileRef = D4880EB224A36A3B004716C6 /* NetworkingManager.swift */; };
/* End PBXBuildFile section */

/* Begin PBXFileReference section */
		D4880E9924A35F55004716C6 /* Lesson11HW1.app */ = {isa = PBXFileReference; explicitFileType = wrapper.application; includeInIndex = 0; path = Lesson11HW1.app; sourceTree = BUILT_PRODUCTS_DIR; };
		D4880E9C24A35F55004716C6 /* AppDelegate.swift */ = {isa = PBXFileReference; lastKnownFileType = sourcecode.swift; path = AppDelegate.swift; sourceTree = "<group>"; };
		D4880E9E24A35F55004716C6 /* SceneDelegate.swift */ = {isa = PBXFileReference; lastKnownFileType = sourcecode.swift; path = SceneDelegate.swift; sourceTree = "<group>"; };
		D4880EA024A35F55004716C6 /* MainViewController.swift */ = {isa = PBXFileReference; lastKnownFileType = sourcecode.swift; path = MainViewController.swift; sourceTree = "<group>"; };
		D4880EA324A35F55004716C6 /* Base */ = {isa = PBXFileReference; lastKnownFileType = file.storyboard; name = Base; path = Base.lproj/Main.storyboard; sourceTree = "<group>"; };
		D4880EA524A35F56004716C6 /* Assets.xcassets */ = {isa = PBXFileReference; lastKnownFileType = folder.assetcatalog; path = Assets.xcassets; sourceTree = "<group>"; };
		D4880EA824A35F56004716C6 /* Base */ = {isa = PBXFileReference; lastKnownFileType = file.storyboard; name = Base; path = Base.lproj/LaunchScreen.storyboard; sourceTree = "<group>"; };
		D4880EAA24A35F56004716C6 /* Info.plist */ = {isa = PBXFileReference; lastKnownFileType = text.plist.xml; path = Info.plist; sourceTree = "<group>"; };
		D4880EB024A369DB004716C6 /* ModelDictionaryApi.swift */ = {isa = PBXFileReference; lastKnownFileType = sourcecode.swift; path = ModelDictionaryApi.swift; sourceTree = "<group>"; };
		D4880EB224A36A3B004716C6 /* NetworkingManager.swift */ = {isa = PBXFileReference; lastKnownFileType = sourcecode.swift; path = NetworkingManager.swift; sourceTree = "<group>"; };
/* End PBXFileReference section */

/* Begin PBXFrameworksBuildPhase section */
		D4880E9624A35F55004716C6 /* Frameworks */ = {
			isa = PBXFrameworksBuildPhase;
			buildActionMask = 2147483647;
			files = (
			);
			runOnlyForDeploymentPostprocessing = 0;
		};
/* End PBXFrameworksBuildPhase section */

/* Begin PBXGroup section */
		D4880E9024A35F55004716C6 = {
			isa = PBXGroup;
			children = (
				D4880E9B24A35F55004716C6 /* Lesson11HW1 */,
				D4880E9A24A35F55004716C6 /* Products */,
			);
			sourceTree = "<group>";
		};
		D4880E9A24A35F55004716C6 /* Products */ = {
			isa = PBXGroup;
			children = (
				D4880E9924A35F55004716C6 /* Lesson11HW1.app */,
			);
			name = Products;
			sourceTree = "<group>";
		};
		D4880E9B24A35F55004716C6 /* Lesson11HW1 */ = {
			isa = PBXGroup;
			children = (
				D4880E9C24A35F55004716C6 /* AppDelegate.swift */,
				D4880E9E24A35F55004716C6 /* SceneDelegate.swift */,
				D4880EA024A35F55004716C6 /* MainViewController.swift */,
				D4880EB224A36A3B004716C6 /* NetworkingManager.swift */,
				D4880EB024A369DB004716C6 /* ModelDictionaryApi.swift */,
				D4880EA224A35F55004716C6 /* Main.storyboard */,
				D4880EA524A35F56004716C6 /* Assets.xcassets */,
				D4880EA724A35F56004716C6 /* LaunchScreen.storyboard */,
				D4880EAA24A35F56004716C6 /* Info.plist */,
			);
			path = Lesson11HW1;
			sourceTree = "<group>";
		};
/* End PBXGroup section */

/* Begin PBXNativeTarget section */
		D4880E9824A35F55004716C6 /* Lesson11HW1 */ = {
			isa = PBXNativeTarget;
			buildConfigurationList = D4880EAD24A35F56004716C6 /* Build configuration list for PBXNativeTarget "Lesson11HW1" */;
			buildPhases = (
				D4880E9524A35F55004716C6 /* Sources */,
				D4880E9624A35F55004716C6 /* Frameworks */,
				D4880E9724A35F55004716C6 /* Resources */,
			);
			buildRules = (
			);
			dependencies = (
			);
			name = Lesson11HW1;
			productName = Lesson11HW1;
			productReference = D4880E9924A35F55004716C6 /* Lesson11HW1.app */;
			productType = "com.apple.product-type.application";
		};
/* End PBXNativeTarget section */

/* Begin PBXProject section */
		D4880E9124A35F55004716C6 /* Project object */ = {
			isa = PBXProject;
			attributes = {
				LastSwiftUpdateCheck = 1150;
				LastUpgradeCheck = 1150;
				ORGANIZATIONNAME = Vladimir;
				TargetAttributes = {
					D4880E9824A35F55004716C6 = {
						CreatedOnToolsVersion = 11.5;
					};
				};
			};
			buildConfigurationList = D4880E9424A35F55004716C6 /* Build configuration list for PBXProject "Lesson11HW1" */;
			compatibilityVersion = "Xcode 9.3";
			developmentRegion = en;
			hasScannedForEncodings = 0;
			knownRegions = (
				en,
				Base,
			);
			mainGroup = D4880E9024A35F55004716C6;
			productRefGroup = D4880E9A24A35F55004716C6 /* Products */;
			projectDirPath = "";
			projectRoot = "";
			targets = (
				D4880E9824A35F55004716C6 /* Lesson11HW1 */,
			);
		};
/* End PBXProject section */

/* Begin PBXResourcesBuildPhase section */
		D4880E9724A35F55004716C6 /* Resources */ = {
			isa = PBXResourcesBuildPhase;
			buildActionMask = 2147483647;
			files = (
				D4880EA924A35F56004716C6 /* LaunchScreen.storyboard in Resources */,
				D4880EA624A35F56004716C6 /* Assets.xcassets in Resources */,
				D4880EA424A35F55004716C6 /* Main.storyboard in Resources */,
			);
			runOnlyForDeploymentPostprocessing = 0;
		};
/* End PBXResourcesBuildPhase section */

/* Begin PBXSourcesBuildPhase section */
		D4880E9524A35F55004716C6 /* Sources */ = {
			isa = PBXSourcesBuildPhase;
			buildActionMask = 2147483647;
			files = (
				D4880EB124A369DB004716C6 /* ModelDictionaryApi.swift in Sources */,
				D4880EA124A35F55004716C6 /* MainViewController.swift in Sources */,
				D4880E9D24A35F55004716C6 /* AppDelegate.swift in Sources */,
				D4880EB324A36A3B004716C6 /* NetworkingManager.swift in Sources */,
				D4880E9F24A35F55004716C6 /* SceneDelegate.swift in Sources */,
			);
			runOnlyForDeploymentPostprocessing = 0;
		};
/* End PBXSourcesBuildPhase section */

/* Begin PBXVariantGroup section */
		D4880EA224A35F55004716C6 /* Main.storyboard */ = {
			isa = PBXVariantGroup;
			children = (
				D4880EA324A35F55004716C6 /* Base */,
			);
			name = Main.storyboard;
			sourceTree = "<group>";
		};
		D4880EA724A35F56004716C6 /* LaunchScreen.storyboard */ = {
			isa = PBXVariantGroup;
			children = (
				D4880EA824A35F56004716C6 /* Base */,
			);
			name = LaunchScreen.storyboard;
			sourceTree = "<group>";
		};
/* End PBXVariantGroup section */

/* Begin XCBuildConfiguration section */
		D4880EAB24A35F56004716C6 /* Debug */ = {
			isa = XCBuildConfiguration;
			buildSettings = {
				ALWAYS_SEARCH_USER_PATHS = NO;
				CLANG_ANALYZER_NONNULL = YES;
				CLANG_ANALYZER_NUMBER_OBJECT_CONVERSION = YES_AGGRESSIVE;
				CLANG_CXX_LANGUAGE_STANDARD = "gnu++14";
				CLANG_CXX_LIBRARY = "libc++";
				CLANG_ENABLE_MODULES = YES;
				CLANG_ENABLE_OBJC_ARC = YES;
				CLANG_ENABLE_OBJC_WEAK = YES;
				CLANG_WARN_BLOCK_CAPTURE_AUTORELEASING = YES;
				CLANG_WARN_BOOL_CONVERSION = YES;
				CLANG_WARN_COMMA = YES;
				CLANG_WARN_CONSTANT_CONVERSION = YES;
				CLANG_WARN_DEPRECATED_OBJC_IMPLEMENTATIONS = YES;
				CLANG_WARN_DIRECT_OBJC_ISA_USAGE = YES_ERROR;
				CLANG_WARN_DOCUMENTATION_COMMENTS = YES;
				CLANG_WARN_EMPTY_BODY = YES;
				CLANG_WARN_ENUM_CONVERSION = YES;
				CLANG_WARN_INFINITE_RECURSION = YES;
				CLANG_WARN_INT_CONVERSION = YES;
				CLANG_WARN_NON_LITERAL_NULL_CONVERSION = YES;
				CLANG_WARN_OBJC_IMPLICIT_RETAIN_SELF = YES;
				CLANG_WARN_OBJC_LITERAL_CONVERSION = YES;
				CLANG_WARN_OBJC_ROOT_CLASS = YES_ERROR;
				CLANG_WARN_RANGE_LOOP_ANALYSIS = YES;
				CLANG_WARN_STRICT_PROTOTYPES = YES;
				CLANG_WARN_SUSPICIOUS_MOVE = YES;
				CLANG_WARN_UNGUARDED_AVAILABILITY = YES_AGGRESSIVE;
				CLANG_WARN_UNREACHABLE_CODE = YES;
				CLANG_WARN__DUPLICATE_METHOD_MATCH = YES;
				COPY_PHASE_STRIP = NO;
				DEBUG_INFORMATION_FORMAT = dwarf;
				ENABLE_STRICT_OBJC_MSGSEND = YES;
				ENABLE_TESTABILITY = YES;
				GCC_C_LANGUAGE_STANDARD = gnu11;
				GCC_DYNAMIC_NO_PIC = NO;
				GCC_NO_COMMON_BLOCKS = YES;
				GCC_OPTIMIZATION_LEVEL = 0;
				GCC_PREPROCESSOR_DEFINITIONS = (
					"DEBUG=1",
					"$(inherited)",
				);
				GCC_WARN_64_TO_32_BIT_CONVERSION = YES;
				GCC_WARN_ABOUT_RETURN_TYPE = YES_ERROR;
				GCC_WARN_UNDECLARED_SELECTOR = YES;
				GCC_WARN_UNINITIALIZED_AUTOS = YES_AGGRESSIVE;
				GCC_WARN_UNUSED_FUNCTION = YES;
				GCC_WARN_UNUSED_VARIABLE = YES;
				IPHONEOS_DEPLOYMENT_TARGET = 13.5;
				MTL_ENABLE_DEBUG_INFO = INCLUDE_SOURCE;
				MTL_FAST_MATH = YES;
				ONLY_ACTIVE_ARCH = YES;
				SDKROOT = iphoneos;
				SWIFT_ACTIVE_COMPILATION_CONDITIONS = DEBUG;
				SWIFT_OPTIMIZATION_LEVEL = "-Onone";
			};
			name = Debug;
		};
		D4880EAC24A35F56004716C6 /* Release */ = {
			isa = XCBuildConfiguration;
			buildSettings = {
				ALWAYS_SEARCH_USER_PATHS = NO;
				CLANG_ANALYZER_NONNULL = YES;
				CLANG_ANALYZER_NUMBER_OBJECT_CONVERSION = YES_AGGRESSIVE;
				CLANG_CXX_LANGUAGE_STANDARD = "gnu++14";
				CLANG_CXX_LIBRARY = "libc++";
				CLANG_ENABLE_MODULES = YES;
				CLANG_ENABLE_OBJC_ARC = YES;
				CLANG_ENABLE_OBJC_WEAK = YES;
				CLANG_WARN_BLOCK_CAPTURE_AUTORELEASING = YES;
				CLANG_WARN_BOOL_CONVERSION = YES;
				CLANG_WARN_COMMA = YES;
				CLANG_WARN_CONSTANT_CONVERSION = YES;
				CLANG_WARN_DEPRECATED_OBJC_IMPLEMENTATIONS = YES;
				CLANG_WARN_DIRECT_OBJC_ISA_USAGE = YES_ERROR;
				CLANG_WARN_DOCUMENTATION_COMMENTS = YES;
				CLANG_WARN_EMPTY_BODY = YES;
				CLANG_WARN_ENUM_CONVERSION = YES;
				CLANG_WARN_INFINITE_RECURSION = YES;
				CLANG_WARN_INT_CONVERSION = YES;
				CLANG_WARN_NON_LITERAL_NULL_CONVERSION = YES;
				CLANG_WARN_OBJC_IMPLICIT_RETAIN_SELF = YES;
				CLANG_WARN_OBJC_LITERAL_CONVERSION = YES;
				CLANG_WARN_OBJC_ROOT_CLASS = YES_ERROR;
				CLANG_WARN_RANGE_LOOP_ANALYSIS = YES;
				CLANG_WARN_STRICT_PROTOTYPES = YES;
				CLANG_WARN_SUSPICIOUS_MOVE = YES;
				CLANG_WARN_UNGUARDED_AVAILABILITY = YES_AGGRESSIVE;
				CLANG_WARN_UNREACHABLE_CODE = YES;
				CLANG_WARN__DUPLICATE_METHOD_MATCH = YES;
				COPY_PHASE_STRIP = NO;
				DEBUG_INFORMATION_FORMAT = "dwarf-with-dsym";
				ENABLE_NS_ASSERTIONS = NO;
				ENABLE_STRICT_OBJC_MSGSEND = YES;
				GCC_C_LANGUAGE_STANDARD = gnu11;
				GCC_NO_COMMON_BLOCKS = YES;
				GCC_WARN_64_TO_32_BIT_CONVERSION = YES;
				GCC_WARN_ABOUT_RETURN_TYPE = YES_ERROR;
				GCC_WARN_UNDECLARED_SELECTOR = YES;
				GCC_WARN_UNINITIALIZED_AUTOS = YES_AGGRESSIVE;
				GCC_WARN_UNUSED_FUNCTION = YES;
				GCC_WARN_UNUSED_VARIABLE = YES;
				IPHONEOS_DEPLOYMENT_TARGET = 13.5;
				MTL_ENABLE_DEBUG_INFO = NO;
				MTL_FAST_MATH = YES;
				SDKROOT = iphoneos;
				SWIFT_COMPILATION_MODE = wholemodule;
				SWIFT_OPTIMIZATION_LEVEL = "-O";
				VALIDATE_PRODUCT = YES;
			};
			name = Release;
		};
		D4880EAE24A35F56004716C6 /* Debug */ = {
			isa = XCBuildConfiguration;
			buildSettings = {
				ASSETCATALOG_COMPILER_APPICON_NAME = AppIcon;
				CODE_SIGN_STYLE = Automatic;
				DEVELOPMENT_TEAM = 883VHW277J;
				INFOPLIST_FILE = Lesson11HW1/Info.plist;
				IPHONEOS_DEPLOYMENT_TARGET = 13.0;
				LD_RUNPATH_SEARCH_PATHS = (
					"$(inherited)",
					"@executable_path/Frameworks",
				);
				PRODUCT_BUNDLE_IDENTIFIER = ru.swiftbookwebinars214va.Lesson11HW1;
				PRODUCT_NAME = "$(TARGET_NAME)";
				SWIFT_VERSION = 5.0;
				TARGETED_DEVICE_FAMILY = "1,2";
			};
			name = Debug;
		};
		D4880EAF24A35F56004716C6 /* Release */ = {
			isa = XCBuildConfiguration;
			buildSettings = {
				ASSETCATALOG_COMPILER_APPICON_NAME = AppIcon;
				CODE_SIGN_STYLE = Automatic;
				DEVELOPMENT_TEAM = 883VHW277J;
				INFOPLIST_FILE = Lesson11HW1/Info.plist;
				IPHONEOS_DEPLOYMENT_TARGET = 13.0;
				LD_RUNPATH_SEARCH_PATHS = (
					"$(inherited)",
					"@executable_path/Frameworks",
				);
				PRODUCT_BUNDLE_IDENTIFIER = ru.swiftbookwebinars214va.Lesson11HW1;
				PRODUCT_NAME = "$(TARGET_NAME)";
				SWIFT_VERSION = 5.0;
				TARGETED_DEVICE_FAMILY = "1,2";
			};
			name = Release;
		};
/* End XCBuildConfiguration section */

/* Begin XCConfigurationList section */
		D4880E9424A35F55004716C6 /* Build configuration list for PBXProject "Lesson11HW1" */ = {
			isa = XCConfigurationList;
			buildConfigurations = (
				D4880EAB24A35F56004716C6 /* Debug */,
				D4880EAC24A35F56004716C6 /* Release */,
			);
			defaultConfigurationIsVisible = 0;
			defaultConfigurationName = Release;
		};
		D4880EAD24A35F56004716C6 /* Build configuration list for PBXNativeTarget "Lesson11HW1" */ = {
			isa = XCConfigurationList;
			buildConfigurations = (
				D4880EAE24A35F56004716C6 /* Debug */,
				D4880EAF24A35F56004716C6 /* Release */,
			);
			defaultConfigurationIsVisible = 0;
			defaultConfigurationName = Release;
		};
/* End XCConfigurationList section */
	};
	rootObject = D4880E9124A35F55004716C6 /* Project object */;
}
